
Microsoft Visual Studio Solution File, Format Version 12.00
# Visual Studio Version 16
VisualStudioVersion = 16.0.32510.428
MinimumVisualStudioVersion = 10.0.40219.1
Project("{FAE04EC0-301F-11D3-BF4B-00C04F79EFBC}") = "Technical_Test_Repository", "Technical_Test_Repository\Technical_Test_Repository.csproj", "{84D3F0FC-ABED-45DD-A75F-C866A7B535E3}"
EndProject
Global
	GlobalSection(SolutionConfigurationPlatforms) = preSolution
		Debug|Any CPU = Debug|Any CPU
		Release|Any CPU = Release|Any CPU
	EndGlobalSection
	GlobalSection(ProjectConfigurationPlatforms) = postSolution
		{84D3F0FC-ABED-45DD-A75F-C866A7B535E3}.Debug|Any CPU.ActiveCfg = Debug|Any CPU
		{84D3F0FC-ABED-45DD-A75F-C866A7B535E3}.Debug|Any CPU.Build.0 = Debug|Any CPU
		{84D3F0FC-ABED-45DD-A75F-C866A7B535E3}.Release|Any CPU.ActiveCfg = Release|Any CPU
		{84D3F0FC-ABED-45DD-A75F-C866A7B535E3}.Release|Any CPU.Build.0 = Release|Any CPU
	EndGlobalSection
	GlobalSection(SolutionProperties) = preSolution
		HideSolutionNode = FALSE
	EndGlobalSection
	GlobalSection(ExtensibilityGlobals) = postSolution
		SolutionGuid = {1C6E6AD7-5A55-4D93-A28B-729FB0415DDD}
	EndGlobalSection
EndGlobal
